
Microsoft Visual Studio Solution File, Format Version 12.00
# Visual Studio Version 17
VisualStudioVersion = 17.0.31912.275
MinimumVisualStudioVersion = 10.0.40219.1
Project("{FAE04EC0-301F-11D3-BF4B-00C04F79EFBC}") = "TabTest.Server", "TabTest\Server\TabTest.Server.csproj", "{B357C01B-1D8F-47A7-81DE-DE0263EDBE61}"
EndProject
Project("{FAE04EC0-301F-11D3-BF4B-00C04F79EFBC}") = "TabTest.Client", "TabTest\Client\TabTest.Client.csproj", "{E8D3570D-073A-4CB0-8755-986F73177C98}"
EndProject
Project("{FAE04EC0-301F-11D3-BF4B-00C04F79EFBC}") = "TabTest.Shared", "TabTest\Shared\TabTest.Shared.csproj", "{0DFD17CD-7643-4594-8BB2-BE3595A6FB8E}"
EndProject
Global
	GlobalSection(SolutionConfigurationPlatforms) = preSolution
		Debug|Any CPU = Debug|Any CPU
		Release|Any CPU = Release|Any CPU
	EndGlobalSection
	GlobalSection(ProjectConfigurationPlatforms) = postSolution
		{B357C01B-1D8F-47A7-81DE-DE0263EDBE61}.Debug|Any CPU.ActiveCfg = Debug|Any CPU
		{B357C01B-1D8F-47A7-81DE-DE0263EDBE61}.Debug|Any CPU.Build.0 = Debug|Any CPU
		{B357C01B-1D8F-47A7-81DE-DE0263EDBE61}.Release|Any CPU.ActiveCfg = Release|Any CPU
		{B357C01B-1D8F-47A7-81DE-DE0263EDBE61}.Release|Any CPU.Build.0 = Release|Any CPU
		{E8D3570D-073A-4CB0-8755-986F73177C98}.Debug|Any CPU.ActiveCfg = Debug|Any CPU
		{E8D3570D-073A-4CB0-8755-986F73177C98}.Debug|Any CPU.Build.0 = Debug|Any CPU
		{E8D3570D-073A-4CB0-8755-986F73177C98}.Release|Any CPU.ActiveCfg = Release|Any CPU
		{E8D3570D-073A-4CB0-8755-986F73177C98}.Release|Any CPU.Build.0 = Release|Any CPU
		{0DFD17CD-7643-4594-8BB2-BE3595A6FB8E}.Debug|Any CPU.ActiveCfg = Debug|Any CPU
		{0DFD17CD-7643-4594-8BB2-BE3595A6FB8E}.Debug|Any CPU.Build.0 = Debug|Any CPU
		{0DFD17CD-7643-4594-8BB2-BE3595A6FB8E}.Release|Any CPU.ActiveCfg = Release|Any CPU
		{0DFD17CD-7643-4594-8BB2-BE3595A6FB8E}.Release|Any CPU.Build.0 = Release|Any CPU
	EndGlobalSection
	GlobalSection(SolutionProperties) = preSolution
		HideSolutionNode = FALSE
	EndGlobalSection
	GlobalSection(ExtensibilityGlobals) = postSolution
		SolutionGuid = {4EF189CD-1CA8-4EDB-8886-7874AD72FBEC}
	EndGlobalSection
EndGlobal
